// !$*UTF8*$!
{
	archiveVersion = 1;
	classes = {
	};
	objectVersion = 56;
	objects = {

/* Begin PBXBuildFile section */
		BA433DD22C50FA0100AB5D50 /* FiltersView.swift in Sources */ = {isa = PBXBuildFile; fileRef = BA433DD12C50FA0100AB5D50 /* FiltersView.swift */; };
		BA48D42C2C4E86FF00C1EB0A /* SearchHeader.swift in Sources */ = {isa = PBXBuildFile; fileRef = BA48D42B2C4E86FF00C1EB0A /* SearchHeader.swift */; };
		BA48D42E2C4E94AB00C1EB0A /* SearchView.swift in Sources */ = {isa = PBXBuildFile; fileRef = BA48D42D2C4E94AB00C1EB0A /* SearchView.swift */; };
		BA635F832C4C39480076994A /* ApsiyonKasifApp.swift in Sources */ = {isa = PBXBuildFile; fileRef = BA635F822C4C39480076994A /* ApsiyonKasifApp.swift */; };
		BA635F872C4C39490076994A /* Assets.xcassets in Resources */ = {isa = PBXBuildFile; fileRef = BA635F862C4C39490076994A /* Assets.xcassets */; };
		BA635F8A2C4C39490076994A /* Preview Assets.xcassets in Resources */ = {isa = PBXBuildFile; fileRef = BA635F892C4C39490076994A /* Preview Assets.xcassets */; };
		BA635F912C4C39600076994A /* Launch Screen.storyboard in Resources */ = {isa = PBXBuildFile; fileRef = BA635F902C4C39600076994A /* Launch Screen.storyboard */; };
		BA635F972C4C39C00076994A /* WelcomeView.swift in Sources */ = {isa = PBXBuildFile; fileRef = BA635F962C4C39C00076994A /* WelcomeView.swift */; };
		BA635F9A2C4C3ABA0076994A /* UIExtension.swift in Sources */ = {isa = PBXBuildFile; fileRef = BA635F992C4C3ABA0076994A /* UIExtension.swift */; };
		BA635FA52C4C3CD50076994A /* PlusJakartaSans-Regular.ttf in Resources */ = {isa = PBXBuildFile; fileRef = BA635F9E2C4C3CD50076994A /* PlusJakartaSans-Regular.ttf */; };
		BA635FA62C4C3CD50076994A /* PlusJakartaSans-Light.ttf in Resources */ = {isa = PBXBuildFile; fileRef = BA635F9F2C4C3CD50076994A /* PlusJakartaSans-Light.ttf */; };
		BA635FA72C4C3CD50076994A /* PlusJakartaSans-ExtraBold.ttf in Resources */ = {isa = PBXBuildFile; fileRef = BA635FA02C4C3CD50076994A /* PlusJakartaSans-ExtraBold.ttf */; };
		BA635FA82C4C3CD50076994A /* PlusJakartaSans-Medium.ttf in Resources */ = {isa = PBXBuildFile; fileRef = BA635FA12C4C3CD50076994A /* PlusJakartaSans-Medium.ttf */; };
		BA635FA92C4C3CD50076994A /* PlusJakartaSans-ExtraLight.ttf in Resources */ = {isa = PBXBuildFile; fileRef = BA635FA22C4C3CD50076994A /* PlusJakartaSans-ExtraLight.ttf */; };
		BA635FAA2C4C3CD50076994A /* PlusJakartaSans-Bold.ttf in Resources */ = {isa = PBXBuildFile; fileRef = BA635FA32C4C3CD50076994A /* PlusJakartaSans-Bold.ttf */; };
		BA635FAB2C4C3CD50076994A /* PlusJakartaSans-SemiBold.ttf in Resources */ = {isa = PBXBuildFile; fileRef = BA635FA42C4C3CD50076994A /* PlusJakartaSans-SemiBold.ttf */; };
		BA635FAE2C4C4AB20076994A /* LoginView.swift in Sources */ = {isa = PBXBuildFile; fileRef = BA635FAD2C4C4AB20076994A /* LoginView.swift */; };
		BA6370922C5029CB005DCAD7 /* Login.swift in Sources */ = {isa = PBXBuildFile; fileRef = BA6370912C5029CB005DCAD7 /* Login.swift */; };
		BA6370942C502AF1005DCAD7 /* SearchDistrict.swift in Sources */ = {isa = PBXBuildFile; fileRef = BA6370932C502AF1005DCAD7 /* SearchDistrict.swift */; };
		BA6370962C503063005DCAD7 /* NeighbourhoodView.swift in Sources */ = {isa = PBXBuildFile; fileRef = BA6370952C503063005DCAD7 /* NeighbourhoodView.swift */; };
		BA8C5A492C4D69DB00611C6E /* LoginRepo.swift in Sources */ = {isa = PBXBuildFile; fileRef = BA8C5A482C4D69DB00611C6E /* LoginRepo.swift */; };
		BA8C5A4C2C4D6A0100611C6E /* RxSwift in Frameworks */ = {isa = PBXBuildFile; productRef = BA8C5A4B2C4D6A0100611C6E /* RxSwift */; };
		BA8C5A4F2C4D6A1000611C6E /* Alamofire in Frameworks */ = {isa = PBXBuildFile; productRef = BA8C5A4E2C4D6A1000611C6E /* Alamofire */; };
		BA8C5A532C4D6AC700611C6E /* LoginViewModel.swift in Sources */ = {isa = PBXBuildFile; fileRef = BA8C5A522C4D6AC700611C6E /* LoginViewModel.swift */; };
		BA8C5A552C4D74DD00611C6E /* HeaderView.swift in Sources */ = {isa = PBXBuildFile; fileRef = BA8C5A542C4D74DD00611C6E /* HeaderView.swift */; };
		BA8C5A572C4D7C4200611C6E /* GuideView.swift in Sources */ = {isa = PBXBuildFile; fileRef = BA8C5A562C4D7C4200611C6E /* GuideView.swift */; };
		BAE6A3882C4FA89C0092BFB6 /* SearchProvince.swift in Sources */ = {isa = PBXBuildFile; fileRef = BAE6A3872C4FA89C0092BFB6 /* SearchProvince.swift */; };
/* End PBXBuildFile section */

/* Begin PBXFileReference section */
		BA433DD12C50FA0100AB5D50 /* FiltersView.swift */ = {isa = PBXFileReference; lastKnownFileType = sourcecode.swift; path = FiltersView.swift; sourceTree = "<group>"; };
		BA48D42B2C4E86FF00C1EB0A /* SearchHeader.swift */ = {isa = PBXFileReference; lastKnownFileType = sourcecode.swift; path = SearchHeader.swift; sourceTree = "<group>"; };
		BA48D42D2C4E94AB00C1EB0A /* SearchView.swift */ = {isa = PBXFileReference; lastKnownFileType = sourcecode.swift; path = SearchView.swift; sourceTree = "<group>"; };
		BA635F7F2C4C39480076994A /* ApsiyonKasif.app */ = {isa = PBXFileReference; explicitFileType = wrapper.application; includeInIndex = 0; path = ApsiyonKasif.app; sourceTree = BUILT_PRODUCTS_DIR; };
		BA635F822C4C39480076994A /* ApsiyonKasifApp.swift */ = {isa = PBXFileReference; lastKnownFileType = sourcecode.swift; path = ApsiyonKasifApp.swift; sourceTree = "<group>"; };
		BA635F862C4C39490076994A /* Assets.xcassets */ = {isa = PBXFileReference; lastKnownFileType = folder.assetcatalog; path = Assets.xcassets; sourceTree = "<group>"; };
		BA635F892C4C39490076994A /* Preview Assets.xcassets */ = {isa = PBXFileReference; lastKnownFileType = folder.assetcatalog; path = "Preview Assets.xcassets"; sourceTree = "<group>"; };
		BA635F902C4C39600076994A /* Launch Screen.storyboard */ = {isa = PBXFileReference; lastKnownFileType = file.storyboard; path = "Launch Screen.storyboard"; sourceTree = "<group>"; };
		BA635F962C4C39C00076994A /* WelcomeView.swift */ = {isa = PBXFileReference; lastKnownFileType = sourcecode.swift; path = WelcomeView.swift; sourceTree = "<group>"; };
		BA635F992C4C3ABA0076994A /* UIExtension.swift */ = {isa = PBXFileReference; lastKnownFileType = sourcecode.swift; path = UIExtension.swift; sourceTree = "<group>"; };
		BA635F9E2C4C3CD50076994A /* PlusJakartaSans-Regular.ttf */ = {isa = PBXFileReference; lastKnownFileType = file; path = "PlusJakartaSans-Regular.ttf"; sourceTree = "<group>"; };
		BA635F9F2C4C3CD50076994A /* PlusJakartaSans-Light.ttf */ = {isa = PBXFileReference; lastKnownFileType = file; path = "PlusJakartaSans-Light.ttf"; sourceTree = "<group>"; };
		BA635FA02C4C3CD50076994A /* PlusJakartaSans-ExtraBold.ttf */ = {isa = PBXFileReference; lastKnownFileType = file; path = "PlusJakartaSans-ExtraBold.ttf"; sourceTree = "<group>"; };
		BA635FA12C4C3CD50076994A /* PlusJakartaSans-Medium.ttf */ = {isa = PBXFileReference; lastKnownFileType = file; path = "PlusJakartaSans-Medium.ttf"; sourceTree = "<group>"; };
		BA635FA22C4C3CD50076994A /* PlusJakartaSans-ExtraLight.ttf */ = {isa = PBXFileReference; lastKnownFileType = file; path = "PlusJakartaSans-ExtraLight.ttf"; sourceTree = "<group>"; };
		BA635FA32C4C3CD50076994A /* PlusJakartaSans-Bold.ttf */ = {isa = PBXFileReference; lastKnownFileType = file; path = "PlusJakartaSans-Bold.ttf"; sourceTree = "<group>"; };
		BA635FA42C4C3CD50076994A /* PlusJakartaSans-SemiBold.ttf */ = {isa = PBXFileReference; lastKnownFileType = file; path = "PlusJakartaSans-SemiBold.ttf"; sourceTree = "<group>"; };
		BA635FAC2C4C3D780076994A /* Info.plist */ = {isa = PBXFileReference; lastKnownFileType = text.plist; path = Info.plist; sourceTree = "<group>"; };
		BA635FAD2C4C4AB20076994A /* LoginView.swift */ = {isa = PBXFileReference; lastKnownFileType = sourcecode.swift; path = LoginView.swift; sourceTree = "<group>"; };
		BA6370912C5029CB005DCAD7 /* Login.swift */ = {isa = PBXFileReference; lastKnownFileType = sourcecode.swift; path = Login.swift; sourceTree = "<group>"; };
		BA6370932C502AF1005DCAD7 /* SearchDistrict.swift */ = {isa = PBXFileReference; lastKnownFileType = sourcecode.swift; path = SearchDistrict.swift; sourceTree = "<group>"; };
		BA6370952C503063005DCAD7 /* NeighbourhoodView.swift */ = {isa = PBXFileReference; lastKnownFileType = sourcecode.swift; path = NeighbourhoodView.swift; sourceTree = "<group>"; };
		BA8C5A482C4D69DB00611C6E /* LoginRepo.swift */ = {isa = PBXFileReference; lastKnownFileType = sourcecode.swift; path = LoginRepo.swift; sourceTree = "<group>"; };
		BA8C5A522C4D6AC700611C6E /* LoginViewModel.swift */ = {isa = PBXFileReference; lastKnownFileType = sourcecode.swift; path = LoginViewModel.swift; sourceTree = "<group>"; };
		BA8C5A542C4D74DD00611C6E /* HeaderView.swift */ = {isa = PBXFileReference; lastKnownFileType = sourcecode.swift; path = HeaderView.swift; sourceTree = "<group>"; };
		BA8C5A562C4D7C4200611C6E /* GuideView.swift */ = {isa = PBXFileReference; lastKnownFileType = sourcecode.swift; path = GuideView.swift; sourceTree = "<group>"; };
		BAE6A3872C4FA89C0092BFB6 /* SearchProvince.swift */ = {isa = PBXFileReference; lastKnownFileType = sourcecode.swift; path = SearchProvince.swift; sourceTree = "<group>"; };
/* End PBXFileReference section */

/* Begin PBXFrameworksBuildPhase section */
		BA635F7C2C4C39480076994A /* Frameworks */ = {
			isa = PBXFrameworksBuildPhase;
			buildActionMask = 2147483647;
			files = (
				BA8C5A4C2C4D6A0100611C6E /* RxSwift in Frameworks */,
				BA8C5A4F2C4D6A1000611C6E /* Alamofire in Frameworks */,
			);
			runOnlyForDeploymentPostprocessing = 0;
		};
/* End PBXFrameworksBuildPhase section */

/* Begin PBXGroup section */
		BA635F762C4C39480076994A = {
			isa = PBXGroup;
			children = (
				BA635F812C4C39480076994A /* ApsiyonKasif */,
				BA635F802C4C39480076994A /* Products */,
			);
			sourceTree = "<group>";
		};
		BA635F802C4C39480076994A /* Products */ = {
			isa = PBXGroup;
			children = (
				BA635F7F2C4C39480076994A /* ApsiyonKasif.app */,
			);
			name = Products;
			sourceTree = "<group>";
		};
		BA635F812C4C39480076994A /* ApsiyonKasif */ = {
			isa = PBXGroup;
			children = (
				BA8C5A462C4D69C200611C6E /* Data */,
				BA635F952C4C39A40076994A /* Webservices */,
				BA635F942C4C399D0076994A /* ViewModels */,
				BA635F932C4C39900076994A /* Views */,
				BA635F982C4C3AAA0076994A /* UICommon */,
				BA635F9B2C4C3C820076994A /* Fonts */,
				BA635F822C4C39480076994A /* ApsiyonKasifApp.swift */,
				BA635F862C4C39490076994A /* Assets.xcassets */,
				BA635FAC2C4C3D780076994A /* Info.plist */,
				BA635F882C4C39490076994A /* Preview Content */,
				BA635F902C4C39600076994A /* Launch Screen.storyboard */,
			);
			path = ApsiyonKasif;
			sourceTree = "<group>";
		};
		BA635F882C4C39490076994A /* Preview Content */ = {
			isa = PBXGroup;
			children = (
				BA635F892C4C39490076994A /* Preview Assets.xcassets */,
			);
			path = "Preview Content";
			sourceTree = "<group>";
		};
		BA635F922C4C398A0076994A /* Models */ = {
			isa = PBXGroup;
			children = (
				BA6370912C5029CB005DCAD7 /* Login.swift */,
			);
			path = Models;
			sourceTree = "<group>";
		};
		BA635F932C4C39900076994A /* Views */ = {
			isa = PBXGroup;
			children = (
				BA635F962C4C39C00076994A /* WelcomeView.swift */,
				BA635FAD2C4C4AB20076994A /* LoginView.swift */,
				BA8C5A542C4D74DD00611C6E /* HeaderView.swift */,
				BA8C5A562C4D7C4200611C6E /* GuideView.swift */,
				BA48D42B2C4E86FF00C1EB0A /* SearchHeader.swift */,
				BA48D42D2C4E94AB00C1EB0A /* SearchView.swift */,
				BAE6A3872C4FA89C0092BFB6 /* SearchProvince.swift */,
				BA6370932C502AF1005DCAD7 /* SearchDistrict.swift */,
				BA6370952C503063005DCAD7 /* NeighbourhoodView.swift */,
				BA433DD12C50FA0100AB5D50 /* FiltersView.swift */,
			);
			path = Views;
			sourceTree = "<group>";
		};
		BA635F942C4C399D0076994A /* ViewModels */ = {
			isa = PBXGroup;
			children = (
				BA8C5A522C4D6AC700611C6E /* LoginViewModel.swift */,
			);
			path = ViewModels;
			sourceTree = "<group>";
		};
		BA635F952C4C39A40076994A /* Webservices */ = {
			isa = PBXGroup;
			children = (
			);
			path = Webservices;
			sourceTree = "<group>";
		};
		BA635F982C4C3AAA0076994A /* UICommon */ = {
			isa = PBXGroup;
			children = (
				BA635F992C4C3ABA0076994A /* UIExtension.swift */,
			);
			path = UICommon;
			sourceTree = "<group>";
		};
		BA635F9B2C4C3C820076994A /* Fonts */ = {
			isa = PBXGroup;
			children = (
				BA635FA32C4C3CD50076994A /* PlusJakartaSans-Bold.ttf */,
				BA635FA02C4C3CD50076994A /* PlusJakartaSans-ExtraBold.ttf */,
				BA635FA22C4C3CD50076994A /* PlusJakartaSans-ExtraLight.ttf */,
				BA635F9F2C4C3CD50076994A /* PlusJakartaSans-Light.ttf */,
				BA635FA12C4C3CD50076994A /* PlusJakartaSans-Medium.ttf */,
				BA635F9E2C4C3CD50076994A /* PlusJakartaSans-Regular.ttf */,
				BA635FA42C4C3CD50076994A /* PlusJakartaSans-SemiBold.ttf */,
			);
			path = Fonts;
			sourceTree = "<group>";
		};
		BA8C5A462C4D69C200611C6E /* Data */ = {
			isa = PBXGroup;
			children = (
				BA8C5A472C4D69CA00611C6E /* Repo */,
				BA635F922C4C398A0076994A /* Models */,
			);
			path = Data;
			sourceTree = "<group>";
		};
		BA8C5A472C4D69CA00611C6E /* Repo */ = {
			isa = PBXGroup;
			children = (
				BA8C5A482C4D69DB00611C6E /* LoginRepo.swift */,
			);
			path = Repo;
			sourceTree = "<group>";
		};
/* End PBXGroup section */

/* Begin PBXNativeTarget section */
		BA635F7E2C4C39480076994A /* ApsiyonKasif */ = {
			isa = PBXNativeTarget;
			buildConfigurationList = BA635F8D2C4C39490076994A /* Build configuration list for PBXNativeTarget "ApsiyonKasif" */;
			buildPhases = (
				BA635F7B2C4C39480076994A /* Sources */,
				BA635F7C2C4C39480076994A /* Frameworks */,
				BA635F7D2C4C39480076994A /* Resources */,
			);
			buildRules = (
			);
			dependencies = (
			);
			name = ApsiyonKasif;
			packageProductDependencies = (
				BA8C5A4B2C4D6A0100611C6E /* RxSwift */,
				BA8C5A4E2C4D6A1000611C6E /* Alamofire */,
			);
			productName = ApsiyonKasif;
			productReference = BA635F7F2C4C39480076994A /* ApsiyonKasif.app */;
			productType = "com.apple.product-type.application";
		};
/* End PBXNativeTarget section */

/* Begin PBXProject section */
		BA635F772C4C39480076994A /* Project object */ = {
			isa = PBXProject;
			attributes = {
				BuildIndependentTargetsInParallel = 1;
				LastSwiftUpdateCheck = 1540;
				LastUpgradeCheck = 1540;
				TargetAttributes = {
					BA635F7E2C4C39480076994A = {
						CreatedOnToolsVersion = 15.4;
					};
				};
			};
			buildConfigurationList = BA635F7A2C4C39480076994A /* Build configuration list for PBXProject "ApsiyonKasif" */;
			compatibilityVersion = "Xcode 14.0";
			developmentRegion = en;
			hasScannedForEncodings = 0;
			knownRegions = (
				en,
				Base,
			);
			mainGroup = BA635F762C4C39480076994A;
			packageReferences = (
				BA8C5A4A2C4D6A0100611C6E /* XCRemoteSwiftPackageReference "RxSwift" */,
				BA8C5A4D2C4D6A1000611C6E /* XCRemoteSwiftPackageReference "Alamofire" */,
			);
			productRefGroup = BA635F802C4C39480076994A /* Products */;
			projectDirPath = "";
			projectRoot = "";
			targets = (
				BA635F7E2C4C39480076994A /* ApsiyonKasif */,
			);
		};
/* End PBXProject section */

/* Begin PBXResourcesBuildPhase section */
		BA635F7D2C4C39480076994A /* Resources */ = {
			isa = PBXResourcesBuildPhase;
			buildActionMask = 2147483647;
			files = (
				BA635FAA2C4C3CD50076994A /* PlusJakartaSans-Bold.ttf in Resources */,
				BA635FA72C4C3CD50076994A /* PlusJakartaSans-ExtraBold.ttf in Resources */,
				BA635F912C4C39600076994A /* Launch Screen.storyboard in Resources */,
				BA635FA92C4C3CD50076994A /* PlusJakartaSans-ExtraLight.ttf in Resources */,
				BA635FA52C4C3CD50076994A /* PlusJakartaSans-Regular.ttf in Resources */,
				BA635FA82C4C3CD50076994A /* PlusJakartaSans-Medium.ttf in Resources */,
				BA635F8A2C4C39490076994A /* Preview Assets.xcassets in Resources */,
				BA635FAB2C4C3CD50076994A /* PlusJakartaSans-SemiBold.ttf in Resources */,
				BA635FA62C4C3CD50076994A /* PlusJakartaSans-Light.ttf in Resources */,
				BA635F872C4C39490076994A /* Assets.xcassets in Resources */,
			);
			runOnlyForDeploymentPostprocessing = 0;
		};
/* End PBXResourcesBuildPhase section */

/* Begin PBXSourcesBuildPhase section */
		BA635F7B2C4C39480076994A /* Sources */ = {
			isa = PBXSourcesBuildPhase;
			buildActionMask = 2147483647;
			files = (
				BA48D42E2C4E94AB00C1EB0A /* SearchView.swift in Sources */,
				BA8C5A492C4D69DB00611C6E /* LoginRepo.swift in Sources */,
				BA635F832C4C39480076994A /* ApsiyonKasifApp.swift in Sources */,
				BA6370922C5029CB005DCAD7 /* Login.swift in Sources */,
				BA433DD22C50FA0100AB5D50 /* FiltersView.swift in Sources */,
				BA6370962C503063005DCAD7 /* NeighbourhoodView.swift in Sources */,
				BA6370942C502AF1005DCAD7 /* SearchDistrict.swift in Sources */,
				BAE6A3882C4FA89C0092BFB6 /* SearchProvince.swift in Sources */,
				BA48D42C2C4E86FF00C1EB0A /* SearchHeader.swift in Sources */,
				BA8C5A532C4D6AC700611C6E /* LoginViewModel.swift in Sources */,
				BA8C5A572C4D7C4200611C6E /* GuideView.swift in Sources */,
				BA635F9A2C4C3ABA0076994A /* UIExtension.swift in Sources */,
				BA8C5A552C4D74DD00611C6E /* HeaderView.swift in Sources */,
				BA635FAE2C4C4AB20076994A /* LoginView.swift in Sources */,
				BA635F972C4C39C00076994A /* WelcomeView.swift in Sources */,
			);
			runOnlyForDeploymentPostprocessing = 0;
		};
/* End PBXSourcesBuildPhase section */

/* Begin XCBuildConfiguration section */
		BA635F8B2C4C39490076994A /* Debug */ = {
			isa = XCBuildConfiguration;
			buildSettings = {
				ALWAYS_SEARCH_USER_PATHS = NO;
				ASSETCATALOG_COMPILER_GENERATE_SWIFT_ASSET_SYMBOL_EXTENSIONS = YES;
				CLANG_ANALYZER_NONNULL = YES;
				CLANG_ANALYZER_NUMBER_OBJECT_CONVERSION = YES_AGGRESSIVE;
				CLANG_CXX_LANGUAGE_STANDARD = "gnu++20";
				CLANG_ENABLE_MODULES = YES;
				CLANG_ENABLE_OBJC_ARC = YES;
				CLANG_ENABLE_OBJC_WEAK = YES;
				CLANG_WARN_BLOCK_CAPTURE_AUTORELEASING = YES;
				CLANG_WARN_BOOL_CONVERSION = YES;
				CLANG_WARN_COMMA = YES;
				CLANG_WARN_CONSTANT_CONVERSION = YES;
				CLANG_WARN_DEPRECATED_OBJC_IMPLEMENTATIONS = YES;
				CLANG_WARN_DIRECT_OBJC_ISA_USAGE = YES_ERROR;
				CLANG_WARN_DOCUMENTATION_COMMENTS = YES;
				CLANG_WARN_EMPTY_BODY = YES;
				CLANG_WARN_ENUM_CONVERSION = YES;
				CLANG_WARN_INFINITE_RECURSION = YES;
				CLANG_WARN_INT_CONVERSION = YES;
				CLANG_WARN_NON_LITERAL_NULL_CONVERSION = YES;
				CLANG_WARN_OBJC_IMPLICIT_RETAIN_SELF = YES;
				CLANG_WARN_OBJC_LITERAL_CONVERSION = YES;
				CLANG_WARN_OBJC_ROOT_CLASS = YES_ERROR;
				CLANG_WARN_QUOTED_INCLUDE_IN_FRAMEWORK_HEADER = YES;
				CLANG_WARN_RANGE_LOOP_ANALYSIS = YES;
				CLANG_WARN_STRICT_PROTOTYPES = YES;
				CLANG_WARN_SUSPICIOUS_MOVE = YES;
				CLANG_WARN_UNGUARDED_AVAILABILITY = YES_AGGRESSIVE;
				CLANG_WARN_UNREACHABLE_CODE = YES;
				CLANG_WARN__DUPLICATE_METHOD_MATCH = YES;
				COPY_PHASE_STRIP = NO;
				DEBUG_INFORMATION_FORMAT = dwarf;
				ENABLE_STRICT_OBJC_MSGSEND = YES;
				ENABLE_TESTABILITY = YES;
				ENABLE_USER_SCRIPT_SANDBOXING = YES;
				GCC_C_LANGUAGE_STANDARD = gnu17;
				GCC_DYNAMIC_NO_PIC = NO;
				GCC_NO_COMMON_BLOCKS = YES;
				GCC_OPTIMIZATION_LEVEL = 0;
				GCC_PREPROCESSOR_DEFINITIONS = (
					"DEBUG=1",
					"$(inherited)",
				);
				GCC_WARN_64_TO_32_BIT_CONVERSION = YES;
				GCC_WARN_ABOUT_RETURN_TYPE = YES_ERROR;
				GCC_WARN_UNDECLARED_SELECTOR = YES;
				GCC_WARN_UNINITIALIZED_AUTOS = YES_AGGRESSIVE;
				GCC_WARN_UNUSED_FUNCTION = YES;
				GCC_WARN_UNUSED_VARIABLE = YES;
				IPHONEOS_DEPLOYMENT_TARGET = 17.5;
				LOCALIZATION_PREFERS_STRING_CATALOGS = YES;
				MTL_ENABLE_DEBUG_INFO = INCLUDE_SOURCE;
				MTL_FAST_MATH = YES;
				ONLY_ACTIVE_ARCH = YES;
				SDKROOT = iphoneos;
				SWIFT_ACTIVE_COMPILATION_CONDITIONS = "DEBUG $(inherited)";
				SWIFT_OPTIMIZATION_LEVEL = "-Onone";
			};
			name = Debug;
		};
		BA635F8C2C4C39490076994A /* Release */ = {
			isa = XCBuildConfiguration;
			buildSettings = {
				ALWAYS_SEARCH_USER_PATHS = NO;
				ASSETCATALOG_COMPILER_GENERATE_SWIFT_ASSET_SYMBOL_EXTENSIONS = YES;
				CLANG_ANALYZER_NONNULL = YES;
				CLANG_ANALYZER_NUMBER_OBJECT_CONVERSION = YES_AGGRESSIVE;
				CLANG_CXX_LANGUAGE_STANDARD = "gnu++20";
				CLANG_ENABLE_MODULES = YES;
				CLANG_ENABLE_OBJC_ARC = YES;
				CLANG_ENABLE_OBJC_WEAK = YES;
				CLANG_WARN_BLOCK_CAPTURE_AUTORELEASING = YES;
				CLANG_WARN_BOOL_CONVERSION = YES;
				CLANG_WARN_COMMA = YES;
				CLANG_WARN_CONSTANT_CONVERSION = YES;
				CLANG_WARN_DEPRECATED_OBJC_IMPLEMENTATIONS = YES;
				CLANG_WARN_DIRECT_OBJC_ISA_USAGE = YES_ERROR;
				CLANG_WARN_DOCUMENTATION_COMMENTS = YES;
				CLANG_WARN_EMPTY_BODY = YES;
				CLANG_WARN_ENUM_CONVERSION = YES;
				CLANG_WARN_INFINITE_RECURSION = YES;
				CLANG_WARN_INT_CONVERSION = YES;
				CLANG_WARN_NON_LITERAL_NULL_CONVERSION = YES;
				CLANG_WARN_OBJC_IMPLICIT_RETAIN_SELF = YES;
				CLANG_WARN_OBJC_LITERAL_CONVERSION = YES;
				CLANG_WARN_OBJC_ROOT_CLASS = YES_ERROR;
				CLANG_WARN_QUOTED_INCLUDE_IN_FRAMEWORK_HEADER = YES;
				CLANG_WARN_RANGE_LOOP_ANALYSIS = YES;
				CLANG_WARN_STRICT_PROTOTYPES = YES;
				CLANG_WARN_SUSPICIOUS_MOVE = YES;
				CLANG_WARN_UNGUARDED_AVAILABILITY = YES_AGGRESSIVE;
				CLANG_WARN_UNREACHABLE_CODE = YES;
				CLANG_WARN__DUPLICATE_METHOD_MATCH = YES;
				COPY_PHASE_STRIP = NO;
				DEBUG_INFORMATION_FORMAT = "dwarf-with-dsym";
				ENABLE_NS_ASSERTIONS = NO;
				ENABLE_STRICT_OBJC_MSGSEND = YES;
				ENABLE_USER_SCRIPT_SANDBOXING = YES;
				GCC_C_LANGUAGE_STANDARD = gnu17;
				GCC_NO_COMMON_BLOCKS = YES;
				GCC_WARN_64_TO_32_BIT_CONVERSION = YES;
				GCC_WARN_ABOUT_RETURN_TYPE = YES_ERROR;
				GCC_WARN_UNDECLARED_SELECTOR = YES;
				GCC_WARN_UNINITIALIZED_AUTOS = YES_AGGRESSIVE;
				GCC_WARN_UNUSED_FUNCTION = YES;
				GCC_WARN_UNUSED_VARIABLE = YES;
				IPHONEOS_DEPLOYMENT_TARGET = 17.5;
				LOCALIZATION_PREFERS_STRING_CATALOGS = YES;
				MTL_ENABLE_DEBUG_INFO = NO;
				MTL_FAST_MATH = YES;
				SDKROOT = iphoneos;
				SWIFT_COMPILATION_MODE = wholemodule;
				VALIDATE_PRODUCT = YES;
			};
			name = Release;
		};
		BA635F8E2C4C39490076994A /* Debug */ = {
			isa = XCBuildConfiguration;
			buildSettings = {
				ASSETCATALOG_COMPILER_APPICON_NAME = AppIcon;
				ASSETCATALOG_COMPILER_GLOBAL_ACCENT_COLOR_NAME = AccentColor;
				CODE_SIGN_STYLE = Automatic;
				CURRENT_PROJECT_VERSION = 1;
				DEVELOPMENT_ASSET_PATHS = "\"ApsiyonKasif/Preview Content\"";
				DEVELOPMENT_TEAM = FNLUK5NF66;
				ENABLE_PREVIEWS = YES;
				GENERATE_INFOPLIST_FILE = YES;
				INFOPLIST_FILE = ApsiyonKasif/Info.plist;
				INFOPLIST_KEY_UIApplicationSceneManifest_Generation = YES;
				INFOPLIST_KEY_UIApplicationSupportsIndirectInputEvents = YES;
				INFOPLIST_KEY_UILaunchScreen_Generation = YES;
				INFOPLIST_KEY_UILaunchStoryboardName = "Launch Screen.storyboard";
				INFOPLIST_KEY_UISupportedInterfaceOrientations = UIInterfaceOrientationPortrait;
				IPHONEOS_DEPLOYMENT_TARGET = 17.0;
				LD_RUNPATH_SEARCH_PATHS = (
					"$(inherited)",
					"@executable_path/Frameworks",
				);
				MARKETING_VERSION = 1.0;
				PRODUCT_BUNDLE_IDENTIFIER = ardanar.ApsiyonKasif;
				PRODUCT_NAME = "$(TARGET_NAME)";
				SWIFT_EMIT_LOC_STRINGS = YES;
				SWIFT_VERSION = 5.0;
				TARGETED_DEVICE_FAMILY = "1,2";
			};
			name = Debug;
		};
		BA635F8F2C4C39490076994A /* Release */ = {
			isa = XCBuildConfiguration;
			buildSettings = {
				ASSETCATALOG_COMPILER_APPICON_NAME = AppIcon;
				ASSETCATALOG_COMPILER_GLOBAL_ACCENT_COLOR_NAME = AccentColor;
				CODE_SIGN_STYLE = Automatic;
				CURRENT_PROJECT_VERSION = 1;
				DEVELOPMENT_ASSET_PATHS = "\"ApsiyonKasif/Preview Content\"";
				DEVELOPMENT_TEAM = FNLUK5NF66;
				ENABLE_PREVIEWS = YES;
				GENERATE_INFOPLIST_FILE = YES;
				INFOPLIST_FILE = ApsiyonKasif/Info.plist;
				INFOPLIST_KEY_UIApplicationSceneManifest_Generation = YES;
				INFOPLIST_KEY_UIApplicationSupportsIndirectInputEvents = YES;
				INFOPLIST_KEY_UILaunchScreen_Generation = YES;
				INFOPLIST_KEY_UILaunchStoryboardName = "Launch Screen.storyboard";
				INFOPLIST_KEY_UISupportedInterfaceOrientations = UIInterfaceOrientationPortrait;
				IPHONEOS_DEPLOYMENT_TARGET = 17.0;
				LD_RUNPATH_SEARCH_PATHS = (
					"$(inherited)",
					"@executable_path/Frameworks",
				);
				MARKETING_VERSION = 1.0;
				PRODUCT_BUNDLE_IDENTIFIER = ardanar.ApsiyonKasif;
				PRODUCT_NAME = "$(TARGET_NAME)";
				SWIFT_EMIT_LOC_STRINGS = YES;
				SWIFT_VERSION = 5.0;
				TARGETED_DEVICE_FAMILY = "1,2";
			};
			name = Release;
		};
/* End XCBuildConfiguration section */

/* Begin XCConfigurationList section */
		BA635F7A2C4C39480076994A /* Build configuration list for PBXProject "ApsiyonKasif" */ = {
			isa = XCConfigurationList;
			buildConfigurations = (
				BA635F8B2C4C39490076994A /* Debug */,
				BA635F8C2C4C39490076994A /* Release */,
			);
			defaultConfigurationIsVisible = 0;
			defaultConfigurationName = Release;
		};
		BA635F8D2C4C39490076994A /* Build configuration list for PBXNativeTarget "ApsiyonKasif" */ = {
			isa = XCConfigurationList;
			buildConfigurations = (
				BA635F8E2C4C39490076994A /* Debug */,
				BA635F8F2C4C39490076994A /* Release */,
			);
			defaultConfigurationIsVisible = 0;
			defaultConfigurationName = Release;
		};
/* End XCConfigurationList section */

/* Begin XCRemoteSwiftPackageReference section */
		BA8C5A4A2C4D6A0100611C6E /* XCRemoteSwiftPackageReference "RxSwift" */ = {
			isa = XCRemoteSwiftPackageReference;
			repositoryURL = "https://github.com/ReactiveX/RxSwift";
			requirement = {
				kind = upToNextMajorVersion;
				minimumVersion = 6.7.1;
			};
		};
		BA8C5A4D2C4D6A1000611C6E /* XCRemoteSwiftPackageReference "Alamofire" */ = {
			isa = XCRemoteSwiftPackageReference;
			repositoryURL = "https://github.com/Alamofire/Alamofire";
			requirement = {
				kind = upToNextMajorVersion;
				minimumVersion = 5.9.1;
			};
		};
/* End XCRemoteSwiftPackageReference section */

/* Begin XCSwiftPackageProductDependency section */
		BA8C5A4B2C4D6A0100611C6E /* RxSwift */ = {
			isa = XCSwiftPackageProductDependency;
			package = BA8C5A4A2C4D6A0100611C6E /* XCRemoteSwiftPackageReference "RxSwift" */;
			productName = RxSwift;
		};
		BA8C5A4E2C4D6A1000611C6E /* Alamofire */ = {
			isa = XCSwiftPackageProductDependency;
			package = BA8C5A4D2C4D6A1000611C6E /* XCRemoteSwiftPackageReference "Alamofire" */;
			productName = Alamofire;
		};
/* End XCSwiftPackageProductDependency section */
	};
	rootObject = BA635F772C4C39480076994A /* Project object */;
}
